
Microsoft Visual Studio Solution File, Format Version 12.00
# Visual Studio Version 16
VisualStudioVersion = 16.0.32228.343
MinimumVisualStudioVersion = 10.0.40219.1
Project("{9A19103F-16F7-4668-BE54-9A1E7A4F7556}") = "eTrans.Server", "Server\eTrans.Server.csproj", "{21EE8E8A-E0E0-4422-B02B-517D6E32B491}"
EndProject
Project("{9A19103F-16F7-4668-BE54-9A1E7A4F7556}") = "eTrans.Client", "Client\eTrans.Client.csproj", "{C5F3897F-07B5-444B-8C64-69BD96652871}"
EndProject
Project("{9A19103F-16F7-4668-BE54-9A1E7A4F7556}") = "eTrans.Shared", "Shared\eTrans.Shared.csproj", "{09341159-786B-4C0C-B55E-3935C659D2F8}"
EndProject
Global
	GlobalSection(SolutionConfigurationPlatforms) = preSolution
		Debug|Any CPU = Debug|Any CPU
		Release|Any CPU = Release|Any CPU
	EndGlobalSection
	GlobalSection(ProjectConfigurationPlatforms) = postSolution
		{21EE8E8A-E0E0-4422-B02B-517D6E32B491}.Debug|Any CPU.ActiveCfg = Debug|Any CPU
		{21EE8E8A-E0E0-4422-B02B-517D6E32B491}.Debug|Any CPU.Build.0 = Debug|Any CPU
		{21EE8E8A-E0E0-4422-B02B-517D6E32B491}.Release|Any CPU.ActiveCfg = Release|Any CPU
		{21EE8E8A-E0E0-4422-B02B-517D6E32B491}.Release|Any CPU.Build.0 = Release|Any CPU
		{C5F3897F-07B5-444B-8C64-69BD96652871}.Debug|Any CPU.ActiveCfg = Debug|Any CPU
		{C5F3897F-07B5-444B-8C64-69BD96652871}.Debug|Any CPU.Build.0 = Debug|Any CPU
		{C5F3897F-07B5-444B-8C64-69BD96652871}.Release|Any CPU.ActiveCfg = Release|Any CPU
		{C5F3897F-07B5-444B-8C64-69BD96652871}.Release|Any CPU.Build.0 = Release|Any CPU
		{09341159-786B-4C0C-B55E-3935C659D2F8}.Debug|Any CPU.ActiveCfg = Debug|Any CPU
		{09341159-786B-4C0C-B55E-3935C659D2F8}.Debug|Any CPU.Build.0 = Debug|Any CPU
		{09341159-786B-4C0C-B55E-3935C659D2F8}.Release|Any CPU.ActiveCfg = Release|Any CPU
		{09341159-786B-4C0C-B55E-3935C659D2F8}.Release|Any CPU.Build.0 = Release|Any CPU
	EndGlobalSection
	GlobalSection(SolutionProperties) = preSolution
		HideSolutionNode = FALSE
	EndGlobalSection
	GlobalSection(ExtensibilityGlobals) = postSolution
		SolutionGuid = {8A9F4A09-0A53-4BFB-819B-5DD2944F0F4B}
	EndGlobalSection
EndGlobal
